
Microsoft Visual Studio Solution File, Format Version 12.00
# Visual Studio Version 17
VisualStudioVersion = 17.5.33516.290
MinimumVisualStudioVersion = 10.0.40219.1
Project("{FAE04EC0-301F-11D3-BF4B-00C04F79EFBC}") = "ConsoleAppClassWork24.06", "ConsoleAppClassWork24.06\ConsoleAppClassWork24.06.csproj", "{45FE667D-7BEC-41E0-B4E0-D25E2342DA03}"
EndProject
Global
	GlobalSection(SolutionConfigurationPlatforms) = preSolution
		Debug|Any CPU = Debug|Any CPU
		Release|Any CPU = Release|Any CPU
	EndGlobalSection
	GlobalSection(ProjectConfigurationPlatforms) = postSolution
		{45FE667D-7BEC-41E0-B4E0-D25E2342DA03}.Debug|Any CPU.ActiveCfg = Debug|Any CPU
		{45FE667D-7BEC-41E0-B4E0-D25E2342DA03}.Debug|Any CPU.Build.0 = Debug|Any CPU
		{45FE667D-7BEC-41E0-B4E0-D25E2342DA03}.Release|Any CPU.ActiveCfg = Release|Any CPU
		{45FE667D-7BEC-41E0-B4E0-D25E2342DA03}.Release|Any CPU.Build.0 = Release|Any CPU
	EndGlobalSection
	GlobalSection(SolutionProperties) = preSolution
		HideSolutionNode = FALSE
	EndGlobalSection
	GlobalSection(ExtensibilityGlobals) = postSolution
		SolutionGuid = {45D36F2C-4346-47A8-994F-325F8A740BC2}
	EndGlobalSection
EndGlobal
