
Microsoft Visual Studio Solution File, Format Version 12.00
# Visual Studio Version 17
VisualStudioVersion = 17.5.33516.290
MinimumVisualStudioVersion = 10.0.40219.1
Project("{FAE04EC0-301F-11D3-BF4B-00C04F79EFBC}") = "ProjectTelegram", "ProjectTelegram\ProjectTelegram.csproj", "{B6669841-7A00-468D-9E29-6404E3028FCE}"
EndProject
Global
	GlobalSection(SolutionConfigurationPlatforms) = preSolution
		Debug|Any CPU = Debug|Any CPU
		Release|Any CPU = Release|Any CPU
	EndGlobalSection
	GlobalSection(ProjectConfigurationPlatforms) = postSolution
		{B6669841-7A00-468D-9E29-6404E3028FCE}.Debug|Any CPU.ActiveCfg = Debug|Any CPU
		{B6669841-7A00-468D-9E29-6404E3028FCE}.Debug|Any CPU.Build.0 = Debug|Any CPU
		{B6669841-7A00-468D-9E29-6404E3028FCE}.Release|Any CPU.ActiveCfg = Release|Any CPU
		{B6669841-7A00-468D-9E29-6404E3028FCE}.Release|Any CPU.Build.0 = Release|Any CPU
	EndGlobalSection
	GlobalSection(SolutionProperties) = preSolution
		HideSolutionNode = FALSE
	EndGlobalSection
	GlobalSection(ExtensibilityGlobals) = postSolution
		SolutionGuid = {DCB43FA6-28D8-4821-9122-6D0D5F675C73}
	EndGlobalSection
EndGlobal
