
Microsoft Visual Studio Solution File, Format Version 12.00
# Visual Studio Version 17
VisualStudioVersion = 17.5.33516.290
MinimumVisualStudioVersion = 10.0.40219.1
Project("{FAE04EC0-301F-11D3-BF4B-00C04F79EFBC}") = "ConsoleAppTestDay1", "ConsoleAppTestDay1\ConsoleAppTestDay1.csproj", "{97F86571-5ACC-48F5-A68B-C9B517E70D1A}"
EndProject
Global
	GlobalSection(SolutionConfigurationPlatforms) = preSolution
		Debug|Any CPU = Debug|Any CPU
		Release|Any CPU = Release|Any CPU
	EndGlobalSection
	GlobalSection(ProjectConfigurationPlatforms) = postSolution
		{97F86571-5ACC-48F5-A68B-C9B517E70D1A}.Debug|Any CPU.ActiveCfg = Debug|Any CPU
		{97F86571-5ACC-48F5-A68B-C9B517E70D1A}.Debug|Any CPU.Build.0 = Debug|Any CPU
		{97F86571-5ACC-48F5-A68B-C9B517E70D1A}.Release|Any CPU.ActiveCfg = Release|Any CPU
		{97F86571-5ACC-48F5-A68B-C9B517E70D1A}.Release|Any CPU.Build.0 = Release|Any CPU
	EndGlobalSection
	GlobalSection(SolutionProperties) = preSolution
		HideSolutionNode = FALSE
	EndGlobalSection
	GlobalSection(ExtensibilityGlobals) = postSolution
		SolutionGuid = {01E55CF5-3C73-4CBF-BF4B-008EBF36A4F1}
	EndGlobalSection
EndGlobal
