
Microsoft Visual Studio Solution File, Format Version 12.00
# Visual Studio Version 17
VisualStudioVersion = 17.5.33516.290
MinimumVisualStudioVersion = 10.0.40219.1
Project("{FAE04EC0-301F-11D3-BF4B-00C04F79EFBC}") = "ConsoleAppClassWork08.06", "ConsoleAppClassWork08.06\ConsoleAppClassWork08.06.csproj", "{C0BF8307-0C56-4D41-8428-94C02E0DF693}"
EndProject
Global
	GlobalSection(SolutionConfigurationPlatforms) = preSolution
		Debug|Any CPU = Debug|Any CPU
		Release|Any CPU = Release|Any CPU
	EndGlobalSection
	GlobalSection(ProjectConfigurationPlatforms) = postSolution
		{C0BF8307-0C56-4D41-8428-94C02E0DF693}.Debug|Any CPU.ActiveCfg = Debug|Any CPU
		{C0BF8307-0C56-4D41-8428-94C02E0DF693}.Debug|Any CPU.Build.0 = Debug|Any CPU
		{C0BF8307-0C56-4D41-8428-94C02E0DF693}.Release|Any CPU.ActiveCfg = Release|Any CPU
		{C0BF8307-0C56-4D41-8428-94C02E0DF693}.Release|Any CPU.Build.0 = Release|Any CPU
	EndGlobalSection
	GlobalSection(SolutionProperties) = preSolution
		HideSolutionNode = FALSE
	EndGlobalSection
	GlobalSection(ExtensibilityGlobals) = postSolution
		SolutionGuid = {4996663C-655F-49A6-87AB-CFDD3396B629}
	EndGlobalSection
EndGlobal
