
Microsoft Visual Studio Solution File, Format Version 12.00
# Visual Studio Version 17
VisualStudioVersion = 17.5.33516.290
MinimumVisualStudioVersion = 10.0.40219.1
Project("{FAE04EC0-301F-11D3-BF4B-00C04F79EFBC}") = "ConsoleAppClassWork30.05", "ConsoleAppClassWork30.05\ConsoleAppClassWork30.05.csproj", "{A1CA800D-0409-4BDC-93A4-FE518D9836B0}"
EndProject
Global
	GlobalSection(SolutionConfigurationPlatforms) = preSolution
		Debug|Any CPU = Debug|Any CPU
		Release|Any CPU = Release|Any CPU
	EndGlobalSection
	GlobalSection(ProjectConfigurationPlatforms) = postSolution
		{A1CA800D-0409-4BDC-93A4-FE518D9836B0}.Debug|Any CPU.ActiveCfg = Debug|Any CPU
		{A1CA800D-0409-4BDC-93A4-FE518D9836B0}.Debug|Any CPU.Build.0 = Debug|Any CPU
		{A1CA800D-0409-4BDC-93A4-FE518D9836B0}.Release|Any CPU.ActiveCfg = Release|Any CPU
		{A1CA800D-0409-4BDC-93A4-FE518D9836B0}.Release|Any CPU.Build.0 = Release|Any CPU
	EndGlobalSection
	GlobalSection(SolutionProperties) = preSolution
		HideSolutionNode = FALSE
	EndGlobalSection
	GlobalSection(ExtensibilityGlobals) = postSolution
		SolutionGuid = {E765D84B-8D95-4DA4-86FB-1DE24C1F303F}
	EndGlobalSection
EndGlobal
