
Microsoft Visual Studio Solution File, Format Version 12.00
# Visual Studio Version 17
VisualStudioVersion = 17.5.33516.290
MinimumVisualStudioVersion = 10.0.40219.1
Project("{FAE04EC0-301F-11D3-BF4B-00C04F79EFBC}") = "ConsoleAppClassWork23.05", "ConsoleAppClassWork23.05\ConsoleAppClassWork23.05.csproj", "{1563977C-0144-40FD-9E4C-BB5221AD6538}"
EndProject
Global
	GlobalSection(SolutionConfigurationPlatforms) = preSolution
		Debug|Any CPU = Debug|Any CPU
		Release|Any CPU = Release|Any CPU
	EndGlobalSection
	GlobalSection(ProjectConfigurationPlatforms) = postSolution
		{1563977C-0144-40FD-9E4C-BB5221AD6538}.Debug|Any CPU.ActiveCfg = Debug|Any CPU
		{1563977C-0144-40FD-9E4C-BB5221AD6538}.Debug|Any CPU.Build.0 = Debug|Any CPU
		{1563977C-0144-40FD-9E4C-BB5221AD6538}.Release|Any CPU.ActiveCfg = Release|Any CPU
		{1563977C-0144-40FD-9E4C-BB5221AD6538}.Release|Any CPU.Build.0 = Release|Any CPU
	EndGlobalSection
	GlobalSection(SolutionProperties) = preSolution
		HideSolutionNode = FALSE
	EndGlobalSection
	GlobalSection(ExtensibilityGlobals) = postSolution
		SolutionGuid = {3A1A1CAC-DFFE-4FD0-896A-FA2928FA0656}
	EndGlobalSection
EndGlobal
