
Microsoft Visual Studio Solution File, Format Version 12.00
# Visual Studio Version 17
VisualStudioVersion = 17.5.33516.290
MinimumVisualStudioVersion = 10.0.40219.1
Project("{FAE04EC0-301F-11D3-BF4B-00C04F79EFBC}") = "TelegramBotMain21.08", "TelegramBotMain21.08\TelegramBotMain21.08.csproj", "{1FD5651A-03FE-4461-AA26-0A368C672661}"
EndProject
Global
	GlobalSection(SolutionConfigurationPlatforms) = preSolution
		Debug|Any CPU = Debug|Any CPU
		Release|Any CPU = Release|Any CPU
	EndGlobalSection
	GlobalSection(ProjectConfigurationPlatforms) = postSolution
		{1FD5651A-03FE-4461-AA26-0A368C672661}.Debug|Any CPU.ActiveCfg = Debug|Any CPU
		{1FD5651A-03FE-4461-AA26-0A368C672661}.Debug|Any CPU.Build.0 = Debug|Any CPU
		{1FD5651A-03FE-4461-AA26-0A368C672661}.Release|Any CPU.ActiveCfg = Release|Any CPU
		{1FD5651A-03FE-4461-AA26-0A368C672661}.Release|Any CPU.Build.0 = Release|Any CPU
	EndGlobalSection
	GlobalSection(SolutionProperties) = preSolution
		HideSolutionNode = FALSE
	EndGlobalSection
	GlobalSection(ExtensibilityGlobals) = postSolution
		SolutionGuid = {8AE056E8-1DD4-48F9-9B8A-9A120E4474BC}
	EndGlobalSection
EndGlobal
