
Microsoft Visual Studio Solution File, Format Version 12.00
# Visual Studio Version 17
VisualStudioVersion = 17.5.33516.290
MinimumVisualStudioVersion = 10.0.40219.1
Project("{FAE04EC0-301F-11D3-BF4B-00C04F79EFBC}") = "ConsoleAppHomeWorkAbstr", "ConsoleAppHomeWorkAbstr\ConsoleAppHomeWorkAbstr.csproj", "{A7B5BF07-F4D6-42DF-AB63-83FB89C258B7}"
EndProject
Global
	GlobalSection(SolutionConfigurationPlatforms) = preSolution
		Debug|Any CPU = Debug|Any CPU
		Release|Any CPU = Release|Any CPU
	EndGlobalSection
	GlobalSection(ProjectConfigurationPlatforms) = postSolution
		{A7B5BF07-F4D6-42DF-AB63-83FB89C258B7}.Debug|Any CPU.ActiveCfg = Debug|Any CPU
		{A7B5BF07-F4D6-42DF-AB63-83FB89C258B7}.Debug|Any CPU.Build.0 = Debug|Any CPU
		{A7B5BF07-F4D6-42DF-AB63-83FB89C258B7}.Release|Any CPU.ActiveCfg = Release|Any CPU
		{A7B5BF07-F4D6-42DF-AB63-83FB89C258B7}.Release|Any CPU.Build.0 = Release|Any CPU
	EndGlobalSection
	GlobalSection(SolutionProperties) = preSolution
		HideSolutionNode = FALSE
	EndGlobalSection
	GlobalSection(ExtensibilityGlobals) = postSolution
		SolutionGuid = {9EA28EE6-C791-4928-BCA2-00D61A68B9F6}
	EndGlobalSection
EndGlobal
